// !$*UTF8*$!
{
	archiveVersion = 1;
	classes = {
	};
	objectVersion = 56;
	objects = {

/* Begin PBXBuildFile section */
		17210C212AC1A84700876672 /* FirebaseModel.swift in Sources */ = {isa = PBXBuildFile; fileRef = 17210C202AC1A84700876672 /* FirebaseModel.swift */; };
		17210C232AC1E04700876672 /* PlanQueryModel.swift in Sources */ = {isa = PBXBuildFile; fileRef = 17210C222AC1E04700876672 /* PlanQueryModel.swift */; };
		17210C252AC26C7F00876672 /* PlanInsertModel.swift in Sources */ = {isa = PBXBuildFile; fileRef = 17210C242AC26C7F00876672 /* PlanInsertModel.swift */; };
		17210C272AC272E500876672 /* PlanDetailViewController.swift in Sources */ = {isa = PBXBuildFile; fileRef = 17210C262AC272E500876672 /* PlanDetailViewController.swift */; };
		173B9B172AC03D15009305F7 /* Regex.swift in Sources */ = {isa = PBXBuildFile; fileRef = 173B9B162AC03D15009305F7 /* Regex.swift */; };
		173B9B6A2AC07C68009305F7 /* SideMenuModel.swift in Sources */ = {isa = PBXBuildFile; fileRef = 173B9B692AC07C68009305F7 /* SideMenuModel.swift */; };
		173B9B6E2AC08743009305F7 /* SideMenuViewController.swift in Sources */ = {isa = PBXBuildFile; fileRef = 173B9B6D2AC08743009305F7 /* SideMenuViewController.swift */; };
		173B9B702AC089A3009305F7 /* UserData.swift in Sources */ = {isa = PBXBuildFile; fileRef = 173B9B6F2AC089A3009305F7 /* UserData.swift */; };
		173B9B762AC129CA009305F7 /* SignUpModel.swift in Sources */ = {isa = PBXBuildFile; fileRef = 173B9B752AC129CA009305F7 /* SignUpModel.swift */; };
		173B9B782AC17CCF009305F7 /* PlanTableViewCell.swift in Sources */ = {isa = PBXBuildFile; fileRef = 173B9B772AC17CCF009305F7 /* PlanTableViewCell.swift */; };
		178A30992ACED41000B5C58D /* Message.swift in Sources */ = {isa = PBXBuildFile; fileRef = 178A30982ACED41000B5C58D /* Message.swift */; };
		178A309B2ACED94B00B5C58D /* HDetailViewController.swift in Sources */ = {isa = PBXBuildFile; fileRef = 178A309A2ACED94B00B5C58D /* HDetailViewController.swift */; };
		17B339152AC3F4A80090E010 /* SelectModel.swift in Sources */ = {isa = PBXBuildFile; fileRef = 17B339142AC3F4A80090E010 /* SelectModel.swift */; };
		17DCBE7C2ACEB895001E38E1 /* PhotoCollectionViewCell.swift in Sources */ = {isa = PBXBuildFile; fileRef = 17DCBE7B2ACEB895001E38E1 /* PhotoCollectionViewCell.swift */; };
		17DCBE7E2ACEB8DC001E38E1 /* PlanAddViewController.swift in Sources */ = {isa = PBXBuildFile; fileRef = 17DCBE7D2ACEB8DC001E38E1 /* PlanAddViewController.swift */; };
		6600D9292AC2B0BB00ECB1CB /* CollectionViewCell.swift in Sources */ = {isa = PBXBuildFile; fileRef = 6600D9282AC2B0BB00ECB1CB /* CollectionViewCell.swift */; };
		6600D92B2AC400D200ECB1CB /* HighlightQueryModel.swift in Sources */ = {isa = PBXBuildFile; fileRef = 6600D92A2AC400D200ECB1CB /* HighlightQueryModel.swift */; };
		6600D92D2AC4017D00ECB1CB /* HighlightSelectModel.swift in Sources */ = {isa = PBXBuildFile; fileRef = 6600D92C2AC4017D00ECB1CB /* HighlightSelectModel.swift */; };
		6617985C2ABD642D005300BE /* SearchResultSB.storyboard in Resources */ = {isa = PBXBuildFile; fileRef = 6617985B2ABD642D005300BE /* SearchResultSB.storyboard */; };
		6617985E2ABD6441005300BE /* MapSB.storyboard in Resources */ = {isa = PBXBuildFile; fileRef = 6617985D2ABD6441005300BE /* MapSB.storyboard */; };
		661798602ABD644B005300BE /* HighlightSB.storyboard in Resources */ = {isa = PBXBuildFile; fileRef = 6617985F2ABD644B005300BE /* HighlightSB.storyboard */; };
		661798622ABD6457005300BE /* PlanSB.storyboard in Resources */ = {isa = PBXBuildFile; fileRef = 661798612ABD6457005300BE /* PlanSB.storyboard */; };
		661798652ABD6E87005300BE /* Constant.swift in Sources */ = {isa = PBXBuildFile; fileRef = 661798642ABD6E87005300BE /* Constant.swift */; };
		661798672ABD6FC1005300BE /* HighlightViewController.swift in Sources */ = {isa = PBXBuildFile; fileRef = 661798662ABD6FC1005300BE /* HighlightViewController.swift */; };
		661798692ABD710B005300BE /* PlanViewController.swift in Sources */ = {isa = PBXBuildFile; fileRef = 661798682ABD710B005300BE /* PlanViewController.swift */; };
		66663CCF2AC02C5E004C90C8 /* GoogleService-Info.plist in Resources */ = {isa = PBXBuildFile; fileRef = 66663CCE2AC02C5E004C90C8 /* GoogleService-Info.plist */; };
		66663CD22AC02C89004C90C8 /* FirebaseAnalytics in Frameworks */ = {isa = PBXBuildFile; productRef = 66663CD12AC02C89004C90C8 /* FirebaseAnalytics */; };
		66663CD42AC02C89004C90C8 /* FirebaseAnalyticsOnDeviceConversion in Frameworks */ = {isa = PBXBuildFile; productRef = 66663CD32AC02C89004C90C8 /* FirebaseAnalyticsOnDeviceConversion */; };
		66663CD62AC02C89004C90C8 /* FirebaseAnalyticsSwift in Frameworks */ = {isa = PBXBuildFile; productRef = 66663CD52AC02C89004C90C8 /* FirebaseAnalyticsSwift */; };
		66663CD82AC02C89004C90C8 /* FirebaseAnalyticsWithoutAdIdSupport in Frameworks */ = {isa = PBXBuildFile; productRef = 66663CD72AC02C89004C90C8 /* FirebaseAnalyticsWithoutAdIdSupport */; };
		66663CDA2AC02C89004C90C8 /* FirebaseAppCheck in Frameworks */ = {isa = PBXBuildFile; productRef = 66663CD92AC02C89004C90C8 /* FirebaseAppCheck */; };
		66663CDC2AC02C89004C90C8 /* FirebaseAppDistribution-Beta in Frameworks */ = {isa = PBXBuildFile; productRef = 66663CDB2AC02C89004C90C8 /* FirebaseAppDistribution-Beta */; };
		66663CDE2AC02C89004C90C8 /* FirebaseAuth in Frameworks */ = {isa = PBXBuildFile; productRef = 66663CDD2AC02C89004C90C8 /* FirebaseAuth */; };
		66663CE02AC02C89004C90C8 /* FirebaseAuthCombine-Community in Frameworks */ = {isa = PBXBuildFile; productRef = 66663CDF2AC02C89004C90C8 /* FirebaseAuthCombine-Community */; };
		66663CE22AC02C89004C90C8 /* FirebaseCrashlytics in Frameworks */ = {isa = PBXBuildFile; productRef = 66663CE12AC02C89004C90C8 /* FirebaseCrashlytics */; };
		66663CE42AC02C89004C90C8 /* FirebaseDatabase in Frameworks */ = {isa = PBXBuildFile; productRef = 66663CE32AC02C89004C90C8 /* FirebaseDatabase */; };
		66663CE62AC02C89004C90C8 /* FirebaseDatabaseSwift in Frameworks */ = {isa = PBXBuildFile; productRef = 66663CE52AC02C89004C90C8 /* FirebaseDatabaseSwift */; };
		66663CE82AC02C89004C90C8 /* FirebaseDynamicLinks in Frameworks */ = {isa = PBXBuildFile; productRef = 66663CE72AC02C89004C90C8 /* FirebaseDynamicLinks */; };
		66663CEA2AC02C89004C90C8 /* FirebaseFirestore in Frameworks */ = {isa = PBXBuildFile; productRef = 66663CE92AC02C89004C90C8 /* FirebaseFirestore */; };
		66663CEC2AC02C89004C90C8 /* FirebaseFirestoreCombine-Community in Frameworks */ = {isa = PBXBuildFile; productRef = 66663CEB2AC02C89004C90C8 /* FirebaseFirestoreCombine-Community */; };
		66663CEE2AC02C89004C90C8 /* FirebaseFirestoreSwift in Frameworks */ = {isa = PBXBuildFile; productRef = 66663CED2AC02C89004C90C8 /* FirebaseFirestoreSwift */; };
		66663CF02AC02C89004C90C8 /* FirebaseFunctions in Frameworks */ = {isa = PBXBuildFile; productRef = 66663CEF2AC02C89004C90C8 /* FirebaseFunctions */; };
		66663CF22AC02C89004C90C8 /* FirebaseFunctionsCombine-Community in Frameworks */ = {isa = PBXBuildFile; productRef = 66663CF12AC02C89004C90C8 /* FirebaseFunctionsCombine-Community */; };
		66663CF42AC02C89004C90C8 /* FirebaseInAppMessaging-Beta in Frameworks */ = {isa = PBXBuildFile; productRef = 66663CF32AC02C89004C90C8 /* FirebaseInAppMessaging-Beta */; };
		66663CF62AC02C89004C90C8 /* FirebaseInAppMessagingSwift-Beta in Frameworks */ = {isa = PBXBuildFile; productRef = 66663CF52AC02C89004C90C8 /* FirebaseInAppMessagingSwift-Beta */; };
		66663CF82AC02C89004C90C8 /* FirebaseInstallations in Frameworks */ = {isa = PBXBuildFile; productRef = 66663CF72AC02C89004C90C8 /* FirebaseInstallations */; };
		66663CFA2AC02C89004C90C8 /* FirebaseMLModelDownloader in Frameworks */ = {isa = PBXBuildFile; productRef = 66663CF92AC02C89004C90C8 /* FirebaseMLModelDownloader */; };
		66663CFC2AC02C89004C90C8 /* FirebaseMessaging in Frameworks */ = {isa = PBXBuildFile; productRef = 66663CFB2AC02C89004C90C8 /* FirebaseMessaging */; };
		66663CFE2AC02C89004C90C8 /* FirebasePerformance in Frameworks */ = {isa = PBXBuildFile; productRef = 66663CFD2AC02C89004C90C8 /* FirebasePerformance */; };
		66663D002AC02C89004C90C8 /* FirebaseRemoteConfig in Frameworks */ = {isa = PBXBuildFile; productRef = 66663CFF2AC02C89004C90C8 /* FirebaseRemoteConfig */; };
		66663D022AC02C89004C90C8 /* FirebaseRemoteConfigSwift in Frameworks */ = {isa = PBXBuildFile; productRef = 66663D012AC02C89004C90C8 /* FirebaseRemoteConfigSwift */; };
		66663D042AC02C89004C90C8 /* FirebaseStorage in Frameworks */ = {isa = PBXBuildFile; productRef = 66663D032AC02C89004C90C8 /* FirebaseStorage */; };
		66663D062AC02C89004C90C8 /* FirebaseStorageCombine-Community in Frameworks */ = {isa = PBXBuildFile; productRef = 66663D052AC02C89004C90C8 /* FirebaseStorageCombine-Community */; };
		666655B72ACEEEEC00D59CE6 /* jejuLogin.mp4 in Resources */ = {isa = PBXBuildFile; fileRef = 666655B62ACEEEEC00D59CE6 /* jejuLogin.mp4 */; };
		666CA8A52ABD5FE00063AE32 /* AppDelegate.swift in Sources */ = {isa = PBXBuildFile; fileRef = 666CA8A42ABD5FE00063AE32 /* AppDelegate.swift */; };
		666CA8A72ABD5FE00063AE32 /* SceneDelegate.swift in Sources */ = {isa = PBXBuildFile; fileRef = 666CA8A62ABD5FE00063AE32 /* SceneDelegate.swift */; };
		666CA8AC2ABD5FE00063AE32 /* Main.storyboard in Resources */ = {isa = PBXBuildFile; fileRef = 666CA8AA2ABD5FE00063AE32 /* Main.storyboard */; };
		666CA8AE2ABD5FE10063AE32 /* Assets.xcassets in Resources */ = {isa = PBXBuildFile; fileRef = 666CA8AD2ABD5FE10063AE32 /* Assets.xcassets */; };
		666CA8B12ABD5FE10063AE32 /* LaunchScreen.storyboard in Resources */ = {isa = PBXBuildFile; fileRef = 666CA8AF2ABD5FE10063AE32 /* LaunchScreen.storyboard */; };
		666CA8C22ABD60CC0063AE32 /* LoginViewController.swift in Sources */ = {isa = PBXBuildFile; fileRef = 666CA8C12ABD60CC0063AE32 /* LoginViewController.swift */; };
		666CA8C42ABD60D40063AE32 /* RegisterViewController.swift in Sources */ = {isa = PBXBuildFile; fileRef = 666CA8C32ABD60D40063AE32 /* RegisterViewController.swift */; };
		666CA8C62ABD60E50063AE32 /* MainPageViewController.swift in Sources */ = {isa = PBXBuildFile; fileRef = 666CA8C52ABD60E50063AE32 /* MainPageViewController.swift */; };
		666CA8C82ABD60F20063AE32 /* SearchResultViewController.swift in Sources */ = {isa = PBXBuildFile; fileRef = 666CA8C72ABD60F20063AE32 /* SearchResultViewController.swift */; };
		666CA8CB2ABD61090063AE32 /* MapViewController.swift in Sources */ = {isa = PBXBuildFile; fileRef = 666CA8CA2ABD61090063AE32 /* MapViewController.swift */; };
		666CA8D12ABD614F0063AE32 /* MainPageSB.storyboard in Resources */ = {isa = PBXBuildFile; fileRef = 666CA8D02ABD614F0063AE32 /* MainPageSB.storyboard */; };
		84D381062AC39BE8009131C3 /* Weather.swift in Sources */ = {isa = PBXBuildFile; fileRef = 84D381052AC39BE8009131C3 /* Weather.swift */; };
		84D3810C2AC3C5BC009131C3 /* Result.swift in Sources */ = {isa = PBXBuildFile; fileRef = 84D3810B2AC3C5BC009131C3 /* Result.swift */; };
		84D3810E2AC3C83D009131C3 /* ResultQueryModel.swift in Sources */ = {isa = PBXBuildFile; fileRef = 84D3810D2AC3C83D009131C3 /* ResultQueryModel.swift */; };
		84D381102AC3E58F009131C3 /* DBModel.swift in Sources */ = {isa = PBXBuildFile; fileRef = 84D3810F2AC3E58F009131C3 /* DBModel.swift */; };
		8B4376902EBF6E52CA54FCBE /* Pods_TravelMaker.framework in Frameworks */ = {isa = PBXBuildFile; fileRef = 45E454D1F9606A516B83962F /* Pods_TravelMaker.framework */; };
/* End PBXBuildFile section */

/* Begin PBXFileReference section */
		17210C202AC1A84700876672 /* FirebaseModel.swift */ = {isa = PBXFileReference; lastKnownFileType = sourcecode.swift; path = FirebaseModel.swift; sourceTree = "<group>"; };
		17210C222AC1E04700876672 /* PlanQueryModel.swift */ = {isa = PBXFileReference; lastKnownFileType = sourcecode.swift; path = PlanQueryModel.swift; sourceTree = "<group>"; };
		17210C242AC26C7F00876672 /* PlanInsertModel.swift */ = {isa = PBXFileReference; lastKnownFileType = sourcecode.swift; path = PlanInsertModel.swift; sourceTree = "<group>"; };
		17210C262AC272E500876672 /* PlanDetailViewController.swift */ = {isa = PBXFileReference; lastKnownFileType = sourcecode.swift; path = PlanDetailViewController.swift; sourceTree = "<group>"; };
		173B9B162AC03D15009305F7 /* Regex.swift */ = {isa = PBXFileReference; lastKnownFileType = sourcecode.swift; path = Regex.swift; sourceTree = "<group>"; };
		173B9B692AC07C68009305F7 /* SideMenuModel.swift */ = {isa = PBXFileReference; lastKnownFileType = sourcecode.swift; path = SideMenuModel.swift; sourceTree = "<group>"; };
		173B9B6D2AC08743009305F7 /* SideMenuViewController.swift */ = {isa = PBXFileReference; lastKnownFileType = sourcecode.swift; path = SideMenuViewController.swift; sourceTree = "<group>"; };
		173B9B6F2AC089A3009305F7 /* UserData.swift */ = {isa = PBXFileReference; lastKnownFileType = sourcecode.swift; path = UserData.swift; sourceTree = "<group>"; };
		173B9B752AC129CA009305F7 /* SignUpModel.swift */ = {isa = PBXFileReference; lastKnownFileType = sourcecode.swift; path = SignUpModel.swift; sourceTree = "<group>"; };
		173B9B772AC17CCF009305F7 /* PlanTableViewCell.swift */ = {isa = PBXFileReference; lastKnownFileType = sourcecode.swift; path = PlanTableViewCell.swift; sourceTree = "<group>"; };
		178A30982ACED41000B5C58D /* Message.swift */ = {isa = PBXFileReference; lastKnownFileType = sourcecode.swift; path = Message.swift; sourceTree = "<group>"; };
		178A309A2ACED94B00B5C58D /* HDetailViewController.swift */ = {isa = PBXFileReference; lastKnownFileType = sourcecode.swift; path = HDetailViewController.swift; sourceTree = "<group>"; };
		17B339142AC3F4A80090E010 /* SelectModel.swift */ = {isa = PBXFileReference; lastKnownFileType = sourcecode.swift; path = SelectModel.swift; sourceTree = "<group>"; };
		17DCBE7B2ACEB895001E38E1 /* PhotoCollectionViewCell.swift */ = {isa = PBXFileReference; lastKnownFileType = sourcecode.swift; path = PhotoCollectionViewCell.swift; sourceTree = "<group>"; };
		17DCBE7D2ACEB8DC001E38E1 /* PlanAddViewController.swift */ = {isa = PBXFileReference; lastKnownFileType = sourcecode.swift; path = PlanAddViewController.swift; sourceTree = "<group>"; };
		45E454D1F9606A516B83962F /* Pods_TravelMaker.framework */ = {isa = PBXFileReference; explicitFileType = wrapper.framework; includeInIndex = 0; path = Pods_TravelMaker.framework; sourceTree = BUILT_PRODUCTS_DIR; };
		5BA32191876080E51D04346C /* Pods-TravelMaker.release.xcconfig */ = {isa = PBXFileReference; includeInIndex = 1; lastKnownFileType = text.xcconfig; name = "Pods-TravelMaker.release.xcconfig"; path = "Target Support Files/Pods-TravelMaker/Pods-TravelMaker.release.xcconfig"; sourceTree = "<group>"; };
		6600D9282AC2B0BB00ECB1CB /* CollectionViewCell.swift */ = {isa = PBXFileReference; lastKnownFileType = sourcecode.swift; path = CollectionViewCell.swift; sourceTree = "<group>"; };
		6600D92A2AC400D200ECB1CB /* HighlightQueryModel.swift */ = {isa = PBXFileReference; lastKnownFileType = sourcecode.swift; path = HighlightQueryModel.swift; sourceTree = "<group>"; };
		6600D92C2AC4017D00ECB1CB /* HighlightSelectModel.swift */ = {isa = PBXFileReference; lastKnownFileType = sourcecode.swift; path = HighlightSelectModel.swift; sourceTree = "<group>"; };
		6617985B2ABD642D005300BE /* SearchResultSB.storyboard */ = {isa = PBXFileReference; lastKnownFileType = file.storyboard; path = SearchResultSB.storyboard; sourceTree = "<group>"; };
		6617985D2ABD6441005300BE /* MapSB.storyboard */ = {isa = PBXFileReference; lastKnownFileType = file.storyboard; path = MapSB.storyboard; sourceTree = "<group>"; };
		6617985F2ABD644B005300BE /* HighlightSB.storyboard */ = {isa = PBXFileReference; lastKnownFileType = file.storyboard; path = HighlightSB.storyboard; sourceTree = "<group>"; };
		661798612ABD6457005300BE /* PlanSB.storyboard */ = {isa = PBXFileReference; lastKnownFileType = file.storyboard; path = PlanSB.storyboard; sourceTree = "<group>"; };
		661798642ABD6E87005300BE /* Constant.swift */ = {isa = PBXFileReference; lastKnownFileType = sourcecode.swift; path = Constant.swift; sourceTree = "<group>"; };
		661798662ABD6FC1005300BE /* HighlightViewController.swift */ = {isa = PBXFileReference; lastKnownFileType = sourcecode.swift; path = HighlightViewController.swift; sourceTree = "<group>"; };
		661798682ABD710B005300BE /* PlanViewController.swift */ = {isa = PBXFileReference; lastKnownFileType = sourcecode.swift; path = PlanViewController.swift; sourceTree = "<group>"; };
		66663CCE2AC02C5E004C90C8 /* GoogleService-Info.plist */ = {isa = PBXFileReference; fileEncoding = 4; lastKnownFileType = text.plist.xml; path = "GoogleService-Info.plist"; sourceTree = "<group>"; };
		666655B62ACEEEEC00D59CE6 /* jejuLogin.mp4 */ = {isa = PBXFileReference; lastKnownFileType = file; path = jejuLogin.mp4; sourceTree = "<group>"; };
		666CA8A12ABD5FE00063AE32 /* TravelMaker.app */ = {isa = PBXFileReference; explicitFileType = wrapper.application; includeInIndex = 0; path = TravelMaker.app; sourceTree = BUILT_PRODUCTS_DIR; };
		666CA8A42ABD5FE00063AE32 /* AppDelegate.swift */ = {isa = PBXFileReference; lastKnownFileType = sourcecode.swift; path = AppDelegate.swift; sourceTree = "<group>"; };
		666CA8A62ABD5FE00063AE32 /* SceneDelegate.swift */ = {isa = PBXFileReference; lastKnownFileType = sourcecode.swift; path = SceneDelegate.swift; sourceTree = "<group>"; };
		666CA8AB2ABD5FE00063AE32 /* Base */ = {isa = PBXFileReference; lastKnownFileType = file.storyboard; name = Base; path = Base.lproj/Main.storyboard; sourceTree = "<group>"; };
		666CA8AD2ABD5FE10063AE32 /* Assets.xcassets */ = {isa = PBXFileReference; lastKnownFileType = folder.assetcatalog; path = Assets.xcassets; sourceTree = "<group>"; };
		666CA8B02ABD5FE10063AE32 /* Base */ = {isa = PBXFileReference; lastKnownFileType = file.storyboard; name = Base; path = Base.lproj/LaunchScreen.storyboard; sourceTree = "<group>"; };
		666CA8B22ABD5FE10063AE32 /* Info.plist */ = {isa = PBXFileReference; lastKnownFileType = text.plist.xml; path = Info.plist; sourceTree = "<group>"; };
		666CA8C12ABD60CC0063AE32 /* LoginViewController.swift */ = {isa = PBXFileReference; lastKnownFileType = sourcecode.swift; path = LoginViewController.swift; sourceTree = "<group>"; };
		666CA8C32ABD60D40063AE32 /* RegisterViewController.swift */ = {isa = PBXFileReference; lastKnownFileType = sourcecode.swift; path = RegisterViewController.swift; sourceTree = "<group>"; };
		666CA8C52ABD60E50063AE32 /* MainPageViewController.swift */ = {isa = PBXFileReference; lastKnownFileType = sourcecode.swift; path = MainPageViewController.swift; sourceTree = "<group>"; };
		666CA8C72ABD60F20063AE32 /* SearchResultViewController.swift */ = {isa = PBXFileReference; lastKnownFileType = sourcecode.swift; path = SearchResultViewController.swift; sourceTree = "<group>"; };
		666CA8CA2ABD61090063AE32 /* MapViewController.swift */ = {isa = PBXFileReference; lastKnownFileType = sourcecode.swift; path = MapViewController.swift; sourceTree = "<group>"; };
		666CA8D02ABD614F0063AE32 /* MainPageSB.storyboard */ = {isa = PBXFileReference; lastKnownFileType = file.storyboard; path = MainPageSB.storyboard; sourceTree = "<group>"; };
		84D381052AC39BE8009131C3 /* Weather.swift */ = {isa = PBXFileReference; lastKnownFileType = sourcecode.swift; path = Weather.swift; sourceTree = "<group>"; };
		84D3810B2AC3C5BC009131C3 /* Result.swift */ = {isa = PBXFileReference; lastKnownFileType = sourcecode.swift; path = Result.swift; sourceTree = "<group>"; };
		84D3810D2AC3C83D009131C3 /* ResultQueryModel.swift */ = {isa = PBXFileReference; lastKnownFileType = sourcecode.swift; path = ResultQueryModel.swift; sourceTree = "<group>"; };
		84D3810F2AC3E58F009131C3 /* DBModel.swift */ = {isa = PBXFileReference; lastKnownFileType = sourcecode.swift; path = DBModel.swift; sourceTree = "<group>"; };
		A253CEA8E3FBF91DC007D99D /* Pods-TravelMaker.debug.xcconfig */ = {isa = PBXFileReference; includeInIndex = 1; lastKnownFileType = text.xcconfig; name = "Pods-TravelMaker.debug.xcconfig"; path = "Target Support Files/Pods-TravelMaker/Pods-TravelMaker.debug.xcconfig"; sourceTree = "<group>"; };
/* End PBXFileReference section */

/* Begin PBXFrameworksBuildPhase section */
		666CA89E2ABD5FE00063AE32 /* Frameworks */ = {
			isa = PBXFrameworksBuildPhase;
			buildActionMask = 2147483647;
			files = (
				66663CE42AC02C89004C90C8 /* FirebaseDatabase in Frameworks */,
				66663CF22AC02C89004C90C8 /* FirebaseFunctionsCombine-Community in Frameworks */,
				66663CEA2AC02C89004C90C8 /* FirebaseFirestore in Frameworks */,
				66663CD62AC02C89004C90C8 /* FirebaseAnalyticsSwift in Frameworks */,
				66663CD22AC02C89004C90C8 /* FirebaseAnalytics in Frameworks */,
				66663CD42AC02C89004C90C8 /* FirebaseAnalyticsOnDeviceConversion in Frameworks */,
				66663CFA2AC02C89004C90C8 /* FirebaseMLModelDownloader in Frameworks */,
				66663CEE2AC02C89004C90C8 /* FirebaseFirestoreSwift in Frameworks */,
				66663CDA2AC02C89004C90C8 /* FirebaseAppCheck in Frameworks */,
				66663CD82AC02C89004C90C8 /* FirebaseAnalyticsWithoutAdIdSupport in Frameworks */,
				66663CDE2AC02C89004C90C8 /* FirebaseAuth in Frameworks */,
				66663CE22AC02C89004C90C8 /* FirebaseCrashlytics in Frameworks */,
				66663D022AC02C89004C90C8 /* FirebaseRemoteConfigSwift in Frameworks */,
				66663CF42AC02C89004C90C8 /* FirebaseInAppMessaging-Beta in Frameworks */,
				66663CE62AC02C89004C90C8 /* FirebaseDatabaseSwift in Frameworks */,
				66663CF02AC02C89004C90C8 /* FirebaseFunctions in Frameworks */,
				66663D062AC02C89004C90C8 /* FirebaseStorageCombine-Community in Frameworks */,
				66663D002AC02C89004C90C8 /* FirebaseRemoteConfig in Frameworks */,
				66663CDC2AC02C89004C90C8 /* FirebaseAppDistribution-Beta in Frameworks */,
				66663CE02AC02C89004C90C8 /* FirebaseAuthCombine-Community in Frameworks */,
				66663CFE2AC02C89004C90C8 /* FirebasePerformance in Frameworks */,
				66663CF62AC02C89004C90C8 /* FirebaseInAppMessagingSwift-Beta in Frameworks */,
				66663D042AC02C89004C90C8 /* FirebaseStorage in Frameworks */,
				66663CE82AC02C89004C90C8 /* FirebaseDynamicLinks in Frameworks */,
				66663CEC2AC02C89004C90C8 /* FirebaseFirestoreCombine-Community in Frameworks */,
				66663CFC2AC02C89004C90C8 /* FirebaseMessaging in Frameworks */,
				66663CF82AC02C89004C90C8 /* FirebaseInstallations in Frameworks */,
				8B4376902EBF6E52CA54FCBE /* Pods_TravelMaker.framework in Frameworks */,
			);
			runOnlyForDeploymentPostprocessing = 0;
		};
/* End PBXFrameworksBuildPhase section */

/* Begin PBXGroup section */
		173B9B732AC0B097009305F7 /* SideMenu */ = {
			isa = PBXGroup;
			children = (
				173B9B6D2AC08743009305F7 /* SideMenuViewController.swift */,
				173B9B692AC07C68009305F7 /* SideMenuModel.swift */,
			);
			path = SideMenu;
			sourceTree = "<group>";
		};
		173B9B742AC12991009305F7 /* Query */ = {
			isa = PBXGroup;
			children = (
				173B9B752AC129CA009305F7 /* SignUpModel.swift */,
				17210C222AC1E04700876672 /* PlanQueryModel.swift */,
				17210C242AC26C7F00876672 /* PlanInsertModel.swift */,
				6600D92A2AC400D200ECB1CB /* HighlightQueryModel.swift */,
			);
			path = Query;
			sourceTree = "<group>";
		};
		661798632ABD6E7D005300BE /* Model */ = {
			isa = PBXGroup;
			children = (
				661798642ABD6E87005300BE /* Constant.swift */,
				173B9B6F2AC089A3009305F7 /* UserData.swift */,
				17210C202AC1A84700876672 /* FirebaseModel.swift */,
				84D381052AC39BE8009131C3 /* Weather.swift */,
				84D3810B2AC3C5BC009131C3 /* Result.swift */,
				84D3810D2AC3C83D009131C3 /* ResultQueryModel.swift */,
				84D3810F2AC3E58F009131C3 /* DBModel.swift */,
				17B339142AC3F4A80090E010 /* SelectModel.swift */,
				6600D92C2AC4017D00ECB1CB /* HighlightSelectModel.swift */,
				178A30982ACED41000B5C58D /* Message.swift */,
			);
			path = Model;
			sourceTree = "<group>";
		};
		666655B52ACEEEC800D59CE6 /* Media */ = {
			isa = PBXGroup;
			children = (
				666655B62ACEEEEC00D59CE6 /* jejuLogin.mp4 */,
			);
			path = Media;
			sourceTree = "<group>";
		};
		666CA8982ABD5FE00063AE32 = {
			isa = PBXGroup;
			children = (
				666CA8A32ABD5FE00063AE32 /* TravelMaker */,
				666CA8A22ABD5FE00063AE32 /* Products */,
				E94E06ACCE5BA0286EEEBC40 /* Pods */,
				E43B17F1EF8A608715621FDE /* Frameworks */,
			);
			sourceTree = "<group>";
		};
		666CA8A22ABD5FE00063AE32 /* Products */ = {
			isa = PBXGroup;
			children = (
				666CA8A12ABD5FE00063AE32 /* TravelMaker.app */,
			);
			name = Products;
			sourceTree = "<group>";
		};
		666CA8A32ABD5FE00063AE32 /* TravelMaker */ = {
			isa = PBXGroup;
			children = (
				666655B52ACEEEC800D59CE6 /* Media */,
				173B9B742AC12991009305F7 /* Query */,
				173B9B732AC0B097009305F7 /* SideMenu */,
				661798632ABD6E7D005300BE /* Model */,
				666CA8B82ABD60310063AE32 /* StoryBoard */,
				666CA8B92ABD60440063AE32 /* ViewController */,
				666CA8A42ABD5FE00063AE32 /* AppDelegate.swift */,
				666CA8A62ABD5FE00063AE32 /* SceneDelegate.swift */,
				666CA8AD2ABD5FE10063AE32 /* Assets.xcassets */,
				666CA8AF2ABD5FE10063AE32 /* LaunchScreen.storyboard */,
				666CA8B22ABD5FE10063AE32 /* Info.plist */,
				66663CCE2AC02C5E004C90C8 /* GoogleService-Info.plist */,
				173B9B162AC03D15009305F7 /* Regex.swift */,
			);
			path = TravelMaker;
			sourceTree = "<group>";
		};
		666CA8B82ABD60310063AE32 /* StoryBoard */ = {
			isa = PBXGroup;
			children = (
				666CA8AA2ABD5FE00063AE32 /* Main.storyboard */,
				666CA8D02ABD614F0063AE32 /* MainPageSB.storyboard */,
				6617985B2ABD642D005300BE /* SearchResultSB.storyboard */,
				6617985D2ABD6441005300BE /* MapSB.storyboard */,
				6617985F2ABD644B005300BE /* HighlightSB.storyboard */,
				661798612ABD6457005300BE /* PlanSB.storyboard */,
			);
			path = StoryBoard;
			sourceTree = "<group>";
		};
		666CA8B92ABD60440063AE32 /* ViewController */ = {
			isa = PBXGroup;
			children = (
				666CA8BA2ABD60520063AE32 /* LoginVC */,
				666CA8BB2ABD605B0063AE32 /* MainVC */,
				666CA8BC2ABD60610063AE32 /* SearchResultVC */,
				666CA8BF2ABD607D0063AE32 /* MapVC */,
				666CA8BD2ABD606C0063AE32 /* HighlightVC */,
				666CA8C02ABD60850063AE32 /* PlanVC */,
			);
			path = ViewController;
			sourceTree = "<group>";
		};
		666CA8BA2ABD60520063AE32 /* LoginVC */ = {
			isa = PBXGroup;
			children = (
				666CA8C12ABD60CC0063AE32 /* LoginViewController.swift */,
				666CA8C32ABD60D40063AE32 /* RegisterViewController.swift */,
			);
			path = LoginVC;
			sourceTree = "<group>";
		};
		666CA8BB2ABD605B0063AE32 /* MainVC */ = {
			isa = PBXGroup;
			children = (
				666CA8C52ABD60E50063AE32 /* MainPageViewController.swift */,
			);
			path = MainVC;
			sourceTree = "<group>";
		};
		666CA8BC2ABD60610063AE32 /* SearchResultVC */ = {
			isa = PBXGroup;
			children = (
				666CA8C72ABD60F20063AE32 /* SearchResultViewController.swift */,
			);
			path = SearchResultVC;
			sourceTree = "<group>";
		};
		666CA8BD2ABD606C0063AE32 /* HighlightVC */ = {
			isa = PBXGroup;
			children = (
				661798662ABD6FC1005300BE /* HighlightViewController.swift */,
				6600D9282AC2B0BB00ECB1CB /* CollectionViewCell.swift */,
				178A309A2ACED94B00B5C58D /* HDetailViewController.swift */,
			);
			path = HighlightVC;
			sourceTree = "<group>";
		};
		666CA8BF2ABD607D0063AE32 /* MapVC */ = {
			isa = PBXGroup;
			children = (
				666CA8CA2ABD61090063AE32 /* MapViewController.swift */,
			);
			path = MapVC;
			sourceTree = "<group>";
		};
		666CA8C02ABD60850063AE32 /* PlanVC */ = {
			isa = PBXGroup;
			children = (
				661798682ABD710B005300BE /* PlanViewController.swift */,
				173B9B772AC17CCF009305F7 /* PlanTableViewCell.swift */,
				17210C262AC272E500876672 /* PlanDetailViewController.swift */,
				17DCBE7B2ACEB895001E38E1 /* PhotoCollectionViewCell.swift */,
				17DCBE7D2ACEB8DC001E38E1 /* PlanAddViewController.swift */,
			);
			path = PlanVC;
			sourceTree = "<group>";
		};
		E43B17F1EF8A608715621FDE /* Frameworks */ = {
			isa = PBXGroup;
			children = (
				45E454D1F9606A516B83962F /* Pods_TravelMaker.framework */,
			);
			name = Frameworks;
			sourceTree = "<group>";
		};
		E94E06ACCE5BA0286EEEBC40 /* Pods */ = {
			isa = PBXGroup;
			children = (
				A253CEA8E3FBF91DC007D99D /* Pods-TravelMaker.debug.xcconfig */,
				5BA32191876080E51D04346C /* Pods-TravelMaker.release.xcconfig */,
			);
			path = Pods;
			sourceTree = "<group>";
		};
/* End PBXGroup section */

/* Begin PBXNativeTarget section */
		666CA8A02ABD5FE00063AE32 /* TravelMaker */ = {
			isa = PBXNativeTarget;
			buildConfigurationList = 666CA8B52ABD5FE10063AE32 /* Build configuration list for PBXNativeTarget "TravelMaker" */;
			buildPhases = (
				0B5921D2265FDF3B941E9F56 /* [CP] Check Pods Manifest.lock */,
				666CA89D2ABD5FE00063AE32 /* Sources */,
				666CA89E2ABD5FE00063AE32 /* Frameworks */,
				666CA89F2ABD5FE00063AE32 /* Resources */,
				B6BF0302B8BC8EE09E79F3EF /* [CP] Embed Pods Frameworks */,
			);
			buildRules = (
			);
			dependencies = (
			);
			name = TravelMaker;
			packageProductDependencies = (
				66663CD12AC02C89004C90C8 /* FirebaseAnalytics */,
				66663CD32AC02C89004C90C8 /* FirebaseAnalyticsOnDeviceConversion */,
				66663CD52AC02C89004C90C8 /* FirebaseAnalyticsSwift */,
				66663CD72AC02C89004C90C8 /* FirebaseAnalyticsWithoutAdIdSupport */,
				66663CD92AC02C89004C90C8 /* FirebaseAppCheck */,
				66663CDB2AC02C89004C90C8 /* FirebaseAppDistribution-Beta */,
				66663CDD2AC02C89004C90C8 /* FirebaseAuth */,
				66663CDF2AC02C89004C90C8 /* FirebaseAuthCombine-Community */,
				66663CE12AC02C89004C90C8 /* FirebaseCrashlytics */,
				66663CE32AC02C89004C90C8 /* FirebaseDatabase */,
				66663CE52AC02C89004C90C8 /* FirebaseDatabaseSwift */,
				66663CE72AC02C89004C90C8 /* FirebaseDynamicLinks */,
				66663CE92AC02C89004C90C8 /* FirebaseFirestore */,
				66663CEB2AC02C89004C90C8 /* FirebaseFirestoreCombine-Community */,
				66663CED2AC02C89004C90C8 /* FirebaseFirestoreSwift */,
				66663CEF2AC02C89004C90C8 /* FirebaseFunctions */,
				66663CF12AC02C89004C90C8 /* FirebaseFunctionsCombine-Community */,
				66663CF32AC02C89004C90C8 /* FirebaseInAppMessaging-Beta */,
				66663CF52AC02C89004C90C8 /* FirebaseInAppMessagingSwift-Beta */,
				66663CF72AC02C89004C90C8 /* FirebaseInstallations */,
				66663CF92AC02C89004C90C8 /* FirebaseMLModelDownloader */,
				66663CFB2AC02C89004C90C8 /* FirebaseMessaging */,
				66663CFD2AC02C89004C90C8 /* FirebasePerformance */,
				66663CFF2AC02C89004C90C8 /* FirebaseRemoteConfig */,
				66663D012AC02C89004C90C8 /* FirebaseRemoteConfigSwift */,
				66663D032AC02C89004C90C8 /* FirebaseStorage */,
				66663D052AC02C89004C90C8 /* FirebaseStorageCombine-Community */,
			);
			productName = TravelMaker;
			productReference = 666CA8A12ABD5FE00063AE32 /* TravelMaker.app */;
			productType = "com.apple.product-type.application";
		};
/* End PBXNativeTarget section */

/* Begin PBXProject section */
		666CA8992ABD5FE00063AE32 /* Project object */ = {
			isa = PBXProject;
			attributes = {
				BuildIndependentTargetsInParallel = 1;
				LastSwiftUpdateCheck = 1430;
				LastUpgradeCheck = 1430;
				TargetAttributes = {
					666CA8A02ABD5FE00063AE32 = {
						CreatedOnToolsVersion = 14.3.1;
					};
				};
			};
			buildConfigurationList = 666CA89C2ABD5FE00063AE32 /* Build configuration list for PBXProject "TravelMaker" */;
			compatibilityVersion = "Xcode 14.0";
			developmentRegion = en;
			hasScannedForEncodings = 0;
			knownRegions = (
				en,
				Base,
			);
			mainGroup = 666CA8982ABD5FE00063AE32;
			packageReferences = (
				66663CD02AC02C89004C90C8 /* XCRemoteSwiftPackageReference "firebase-ios-sdk" */,
			);
			productRefGroup = 666CA8A22ABD5FE00063AE32 /* Products */;
			projectDirPath = "";
			projectRoot = "";
			targets = (
				666CA8A02ABD5FE00063AE32 /* TravelMaker */,
			);
		};
/* End PBXProject section */

/* Begin PBXResourcesBuildPhase section */
		666CA89F2ABD5FE00063AE32 /* Resources */ = {
			isa = PBXResourcesBuildPhase;
			buildActionMask = 2147483647;
			files = (
				661798622ABD6457005300BE /* PlanSB.storyboard in Resources */,
				6617985E2ABD6441005300BE /* MapSB.storyboard in Resources */,
				66663CCF2AC02C5E004C90C8 /* GoogleService-Info.plist in Resources */,
				666CA8B12ABD5FE10063AE32 /* LaunchScreen.storyboard in Resources */,
				661798602ABD644B005300BE /* HighlightSB.storyboard in Resources */,
				6617985C2ABD642D005300BE /* SearchResultSB.storyboard in Resources */,
				666CA8AE2ABD5FE10063AE32 /* Assets.xcassets in Resources */,
				666CA8D12ABD614F0063AE32 /* MainPageSB.storyboard in Resources */,
				666CA8AC2ABD5FE00063AE32 /* Main.storyboard in Resources */,
				666655B72ACEEEEC00D59CE6 /* jejuLogin.mp4 in Resources */,
			);
			runOnlyForDeploymentPostprocessing = 0;
		};
/* End PBXResourcesBuildPhase section */

/* Begin PBXShellScriptBuildPhase section */
		0B5921D2265FDF3B941E9F56 /* [CP] Check Pods Manifest.lock */ = {
			isa = PBXShellScriptBuildPhase;
			buildActionMask = 2147483647;
			files = (
			);
			inputFileListPaths = (
			);
			inputPaths = (
				"${PODS_PODFILE_DIR_PATH}/Podfile.lock",
				"${PODS_ROOT}/Manifest.lock",
			);
			name = "[CP] Check Pods Manifest.lock";
			outputFileListPaths = (
			);
			outputPaths = (
				"$(DERIVED_FILE_DIR)/Pods-TravelMaker-checkManifestLockResult.txt",
			);
			runOnlyForDeploymentPostprocessing = 0;
			shellPath = /bin/sh;
			shellScript = "diff \"${PODS_PODFILE_DIR_PATH}/Podfile.lock\" \"${PODS_ROOT}/Manifest.lock\" > /dev/null\nif [ $? != 0 ] ; then\n    # print error to STDERR\n    echo \"error: The sandbox is not in sync with the Podfile.lock. Run 'pod install' or update your CocoaPods installation.\" >&2\n    exit 1\nfi\n# This output is used by Xcode 'outputs' to avoid re-running this script phase.\necho \"SUCCESS\" > \"${SCRIPT_OUTPUT_FILE_0}\"\n";
			showEnvVarsInLog = 0;
		};
		B6BF0302B8BC8EE09E79F3EF /* [CP] Embed Pods Frameworks */ = {
			isa = PBXShellScriptBuildPhase;
			buildActionMask = 2147483647;
			files = (
			);
			inputFileListPaths = (
				"${PODS_ROOT}/Target Support Files/Pods-TravelMaker/Pods-TravelMaker-frameworks-${CONFIGURATION}-input-files.xcfilelist",
			);
			name = "[CP] Embed Pods Frameworks";
			outputFileListPaths = (
				"${PODS_ROOT}/Target Support Files/Pods-TravelMaker/Pods-TravelMaker-frameworks-${CONFIGURATION}-output-files.xcfilelist",
			);
			runOnlyForDeploymentPostprocessing = 0;
			shellPath = /bin/sh;
			shellScript = "\"${PODS_ROOT}/Target Support Files/Pods-TravelMaker/Pods-TravelMaker-frameworks.sh\"\n";
			showEnvVarsInLog = 0;
		};
/* End PBXShellScriptBuildPhase section */

/* Begin PBXSourcesBuildPhase section */
		666CA89D2ABD5FE00063AE32 /* Sources */ = {
			isa = PBXSourcesBuildPhase;
			buildActionMask = 2147483647;
			files = (
				6600D92D2AC4017D00ECB1CB /* HighlightSelectModel.swift in Sources */,
				173B9B782AC17CCF009305F7 /* PlanTableViewCell.swift in Sources */,
				666CA8C22ABD60CC0063AE32 /* LoginViewController.swift in Sources */,
				17DCBE7E2ACEB8DC001E38E1 /* PlanAddViewController.swift in Sources */,
				661798692ABD710B005300BE /* PlanViewController.swift in Sources */,
				84D3810E2AC3C83D009131C3 /* ResultQueryModel.swift in Sources */,
				173B9B762AC129CA009305F7 /* SignUpModel.swift in Sources */,
				666CA8C82ABD60F20063AE32 /* SearchResultViewController.swift in Sources */,
				666CA8C42ABD60D40063AE32 /* RegisterViewController.swift in Sources */,
				84D3810C2AC3C5BC009131C3 /* Result.swift in Sources */,
				6600D92B2AC400D200ECB1CB /* HighlightQueryModel.swift in Sources */,
				17210C272AC272E500876672 /* PlanDetailViewController.swift in Sources */,
				666CA8C62ABD60E50063AE32 /* MainPageViewController.swift in Sources */,
				666CA8A52ABD5FE00063AE32 /* AppDelegate.swift in Sources */,
				17B339152AC3F4A80090E010 /* SelectModel.swift in Sources */,
				17210C232AC1E04700876672 /* PlanQueryModel.swift in Sources */,
				178A309B2ACED94B00B5C58D /* HDetailViewController.swift in Sources */,
				17210C212AC1A84700876672 /* FirebaseModel.swift in Sources */,
				173B9B6E2AC08743009305F7 /* SideMenuViewController.swift in Sources */,
				661798652ABD6E87005300BE /* Constant.swift in Sources */,
				17DCBE7C2ACEB895001E38E1 /* PhotoCollectionViewCell.swift in Sources */,
				178A30992ACED41000B5C58D /* Message.swift in Sources */,
				173B9B6A2AC07C68009305F7 /* SideMenuModel.swift in Sources */,
				84D381062AC39BE8009131C3 /* Weather.swift in Sources */,
				17210C252AC26C7F00876672 /* PlanInsertModel.swift in Sources */,
				666CA8A72ABD5FE00063AE32 /* SceneDelegate.swift in Sources */,
				173B9B702AC089A3009305F7 /* UserData.swift in Sources */,
				84D381102AC3E58F009131C3 /* DBModel.swift in Sources */,
				6600D9292AC2B0BB00ECB1CB /* CollectionViewCell.swift in Sources */,
				661798672ABD6FC1005300BE /* HighlightViewController.swift in Sources */,
				666CA8CB2ABD61090063AE32 /* MapViewController.swift in Sources */,
				173B9B172AC03D15009305F7 /* Regex.swift in Sources */,
			);
			runOnlyForDeploymentPostprocessing = 0;
		};
/* End PBXSourcesBuildPhase section */

/* Begin PBXVariantGroup section */
		666CA8AA2ABD5FE00063AE32 /* Main.storyboard */ = {
			isa = PBXVariantGroup;
			children = (
				666CA8AB2ABD5FE00063AE32 /* Base */,
			);
			name = Main.storyboard;
			sourceTree = "<group>";
		};
		666CA8AF2ABD5FE10063AE32 /* LaunchScreen.storyboard */ = {
			isa = PBXVariantGroup;
			children = (
				666CA8B02ABD5FE10063AE32 /* Base */,
			);
			name = LaunchScreen.storyboard;
			sourceTree = "<group>";
		};
/* End PBXVariantGroup section */

/* Begin XCBuildConfiguration section */
		666CA8B32ABD5FE10063AE32 /* Debug */ = {
			isa = XCBuildConfiguration;
			buildSettings = {
				ALWAYS_SEARCH_USER_PATHS = NO;
				CLANG_ANALYZER_NONNULL = YES;
				CLANG_ANALYZER_NUMBER_OBJECT_CONVERSION = YES_AGGRESSIVE;
				CLANG_CXX_LANGUAGE_STANDARD = "gnu++20";
				CLANG_ENABLE_MODULES = YES;
				CLANG_ENABLE_OBJC_ARC = YES;
				CLANG_ENABLE_OBJC_WEAK = YES;
				CLANG_WARN_BLOCK_CAPTURE_AUTORELEASING = YES;
				CLANG_WARN_BOOL_CONVERSION = YES;
				CLANG_WARN_COMMA = YES;
				CLANG_WARN_CONSTANT_CONVERSION = YES;
				CLANG_WARN_DEPRECATED_OBJC_IMPLEMENTATIONS = YES;
				CLANG_WARN_DIRECT_OBJC_ISA_USAGE = YES_ERROR;
				CLANG_WARN_DOCUMENTATION_COMMENTS = YES;
				CLANG_WARN_EMPTY_BODY = YES;
				CLANG_WARN_ENUM_CONVERSION = YES;
				CLANG_WARN_INFINITE_RECURSION = YES;
				CLANG_WARN_INT_CONVERSION = YES;
				CLANG_WARN_NON_LITERAL_NULL_CONVERSION = YES;
				CLANG_WARN_OBJC_IMPLICIT_RETAIN_SELF = YES;
				CLANG_WARN_OBJC_LITERAL_CONVERSION = YES;
				CLANG_WARN_OBJC_ROOT_CLASS = YES_ERROR;
				CLANG_WARN_QUOTED_INCLUDE_IN_FRAMEWORK_HEADER = YES;
				CLANG_WARN_RANGE_LOOP_ANALYSIS = YES;
				CLANG_WARN_STRICT_PROTOTYPES = YES;
				CLANG_WARN_SUSPICIOUS_MOVE = YES;
				CLANG_WARN_UNGUARDED_AVAILABILITY = YES_AGGRESSIVE;
				CLANG_WARN_UNREACHABLE_CODE = YES;
				CLANG_WARN__DUPLICATE_METHOD_MATCH = YES;
				COPY_PHASE_STRIP = NO;
				DEBUG_INFORMATION_FORMAT = dwarf;
				ENABLE_STRICT_OBJC_MSGSEND = YES;
				ENABLE_TESTABILITY = YES;
				GCC_C_LANGUAGE_STANDARD = gnu11;
				GCC_DYNAMIC_NO_PIC = NO;
				GCC_NO_COMMON_BLOCKS = YES;
				GCC_OPTIMIZATION_LEVEL = 0;
				GCC_PREPROCESSOR_DEFINITIONS = (
					"DEBUG=1",
					"$(inherited)",
				);
				GCC_WARN_64_TO_32_BIT_CONVERSION = YES;
				GCC_WARN_ABOUT_RETURN_TYPE = YES_ERROR;
				GCC_WARN_UNDECLARED_SELECTOR = YES;
				GCC_WARN_UNINITIALIZED_AUTOS = YES_AGGRESSIVE;
				GCC_WARN_UNUSED_FUNCTION = YES;
				GCC_WARN_UNUSED_VARIABLE = YES;
				IPHONEOS_DEPLOYMENT_TARGET = 16.4;
				MTL_ENABLE_DEBUG_INFO = INCLUDE_SOURCE;
				MTL_FAST_MATH = YES;
				ONLY_ACTIVE_ARCH = YES;
				SDKROOT = iphoneos;
				SWIFT_ACTIVE_COMPILATION_CONDITIONS = DEBUG;
				SWIFT_OPTIMIZATION_LEVEL = "-Onone";
			};
			name = Debug;
		};
		666CA8B42ABD5FE10063AE32 /* Release */ = {
			isa = XCBuildConfiguration;
			buildSettings = {
				ALWAYS_SEARCH_USER_PATHS = NO;
				CLANG_ANALYZER_NONNULL = YES;
				CLANG_ANALYZER_NUMBER_OBJECT_CONVERSION = YES_AGGRESSIVE;
				CLANG_CXX_LANGUAGE_STANDARD = "gnu++20";
				CLANG_ENABLE_MODULES = YES;
				CLANG_ENABLE_OBJC_ARC = YES;
				CLANG_ENABLE_OBJC_WEAK = YES;
				CLANG_WARN_BLOCK_CAPTURE_AUTORELEASING = YES;
				CLANG_WARN_BOOL_CONVERSION = YES;
				CLANG_WARN_COMMA = YES;
				CLANG_WARN_CONSTANT_CONVERSION = YES;
				CLANG_WARN_DEPRECATED_OBJC_IMPLEMENTATIONS = YES;
				CLANG_WARN_DIRECT_OBJC_ISA_USAGE = YES_ERROR;
				CLANG_WARN_DOCUMENTATION_COMMENTS = YES;
				CLANG_WARN_EMPTY_BODY = YES;
				CLANG_WARN_ENUM_CONVERSION = YES;
				CLANG_WARN_INFINITE_RECURSION = YES;
				CLANG_WARN_INT_CONVERSION = YES;
				CLANG_WARN_NON_LITERAL_NULL_CONVERSION = YES;
				CLANG_WARN_OBJC_IMPLICIT_RETAIN_SELF = YES;
				CLANG_WARN_OBJC_LITERAL_CONVERSION = YES;
				CLANG_WARN_OBJC_ROOT_CLASS = YES_ERROR;
				CLANG_WARN_QUOTED_INCLUDE_IN_FRAMEWORK_HEADER = YES;
				CLANG_WARN_RANGE_LOOP_ANALYSIS = YES;
				CLANG_WARN_STRICT_PROTOTYPES = YES;
				CLANG_WARN_SUSPICIOUS_MOVE = YES;
				CLANG_WARN_UNGUARDED_AVAILABILITY = YES_AGGRESSIVE;
				CLANG_WARN_UNREACHABLE_CODE = YES;
				CLANG_WARN__DUPLICATE_METHOD_MATCH = YES;
				COPY_PHASE_STRIP = NO;
				DEBUG_INFORMATION_FORMAT = "dwarf-with-dsym";
				ENABLE_NS_ASSERTIONS = NO;
				ENABLE_STRICT_OBJC_MSGSEND = YES;
				GCC_C_LANGUAGE_STANDARD = gnu11;
				GCC_NO_COMMON_BLOCKS = YES;
				GCC_WARN_64_TO_32_BIT_CONVERSION = YES;
				GCC_WARN_ABOUT_RETURN_TYPE = YES_ERROR;
				GCC_WARN_UNDECLARED_SELECTOR = YES;
				GCC_WARN_UNINITIALIZED_AUTOS = YES_AGGRESSIVE;
				GCC_WARN_UNUSED_FUNCTION = YES;
				GCC_WARN_UNUSED_VARIABLE = YES;
				IPHONEOS_DEPLOYMENT_TARGET = 16.4;
				MTL_ENABLE_DEBUG_INFO = NO;
				MTL_FAST_MATH = YES;
				SDKROOT = iphoneos;
				SWIFT_COMPILATION_MODE = wholemodule;
				SWIFT_OPTIMIZATION_LEVEL = "-O";
				VALIDATE_PRODUCT = YES;
			};
			name = Release;
		};
		666CA8B62ABD5FE10063AE32 /* Debug */ = {
			isa = XCBuildConfiguration;
			baseConfigurationReference = A253CEA8E3FBF91DC007D99D /* Pods-TravelMaker.debug.xcconfig */;
			buildSettings = {
				ASSETCATALOG_COMPILER_APPICON_NAME = AppIcon;
				ASSETCATALOG_COMPILER_GLOBAL_ACCENT_COLOR_NAME = AccentColor;
				CODE_SIGN_STYLE = Automatic;
				CURRENT_PROJECT_VERSION = 1;
				GENERATE_INFOPLIST_FILE = YES;
				INFOPLIST_FILE = TravelMaker/Info.plist;
				INFOPLIST_KEY_UIApplicationSupportsIndirectInputEvents = YES;
				INFOPLIST_KEY_UILaunchStoryboardName = LaunchScreen;
				INFOPLIST_KEY_UIMainStoryboardFile = Main;
				INFOPLIST_KEY_UISupportedInterfaceOrientations_iPad = "UIInterfaceOrientationPortrait UIInterfaceOrientationPortraitUpsideDown UIInterfaceOrientationLandscapeLeft UIInterfaceOrientationLandscapeRight";
				INFOPLIST_KEY_UISupportedInterfaceOrientations_iPhone = "UIInterfaceOrientationPortrait UIInterfaceOrientationLandscapeLeft UIInterfaceOrientationLandscapeRight";
				LD_RUNPATH_SEARCH_PATHS = (
					"$(inherited)",
					"@executable_path/Frameworks",
				);
				MARKETING_VERSION = 1.0;
				PRODUCT_BUNDLE_IDENTIFIER = com.swiftlec.TravelMaker;
				PRODUCT_NAME = "$(TARGET_NAME)";
				SWIFT_EMIT_LOC_STRINGS = YES;
				SWIFT_VERSION = 5.0;
				TARGETED_DEVICE_FAMILY = "1,2";
			};
			name = Debug;
		};
		666CA8B72ABD5FE10063AE32 /* Release */ = {
			isa = XCBuildConfiguration;
			baseConfigurationReference = 5BA32191876080E51D04346C /* Pods-TravelMaker.release.xcconfig */;
			buildSettings = {
				ASSETCATALOG_COMPILER_APPICON_NAME = AppIcon;
				ASSETCATALOG_COMPILER_GLOBAL_ACCENT_COLOR_NAME = AccentColor;
				CODE_SIGN_STYLE = Automatic;
				CURRENT_PROJECT_VERSION = 1;
				GENERATE_INFOPLIST_FILE = YES;
				INFOPLIST_FILE = TravelMaker/Info.plist;
				INFOPLIST_KEY_UIApplicationSupportsIndirectInputEvents = YES;
				INFOPLIST_KEY_UILaunchStoryboardName = LaunchScreen;
				INFOPLIST_KEY_UIMainStoryboardFile = Main;
				INFOPLIST_KEY_UISupportedInterfaceOrientations_iPad = "UIInterfaceOrientationPortrait UIInterfaceOrientationPortraitUpsideDown UIInterfaceOrientationLandscapeLeft UIInterfaceOrientationLandscapeRight";
				INFOPLIST_KEY_UISupportedInterfaceOrientations_iPhone = "UIInterfaceOrientationPortrait UIInterfaceOrientationLandscapeLeft UIInterfaceOrientationLandscapeRight";
				LD_RUNPATH_SEARCH_PATHS = (
					"$(inherited)",
					"@executable_path/Frameworks",
				);
				MARKETING_VERSION = 1.0;
				PRODUCT_BUNDLE_IDENTIFIER = com.swiftlec.TravelMaker;
				PRODUCT_NAME = "$(TARGET_NAME)";
				SWIFT_EMIT_LOC_STRINGS = YES;
				SWIFT_VERSION = 5.0;
				TARGETED_DEVICE_FAMILY = "1,2";
			};
			name = Release;
		};
/* End XCBuildConfiguration section */

/* Begin XCConfigurationList section */
		666CA89C2ABD5FE00063AE32 /* Build configuration list for PBXProject "TravelMaker" */ = {
			isa = XCConfigurationList;
			buildConfigurations = (
				666CA8B32ABD5FE10063AE32 /* Debug */,
				666CA8B42ABD5FE10063AE32 /* Release */,
			);
			defaultConfigurationIsVisible = 0;
			defaultConfigurationName = Release;
		};
		666CA8B52ABD5FE10063AE32 /* Build configuration list for PBXNativeTarget "TravelMaker" */ = {
			isa = XCConfigurationList;
			buildConfigurations = (
				666CA8B62ABD5FE10063AE32 /* Debug */,
				666CA8B72ABD5FE10063AE32 /* Release */,
			);
			defaultConfigurationIsVisible = 0;
			defaultConfigurationName = Release;
		};
/* End XCConfigurationList section */

/* Begin XCRemoteSwiftPackageReference section */
		66663CD02AC02C89004C90C8 /* XCRemoteSwiftPackageReference "firebase-ios-sdk" */ = {
			isa = XCRemoteSwiftPackageReference;
			repositoryURL = "https://github.com/firebase/firebase-ios-sdk";
			requirement = {
				kind = upToNextMajorVersion;
				minimumVersion = 10.15.0;
			};
		};
/* End XCRemoteSwiftPackageReference section */

/* Begin XCSwiftPackageProductDependency section */
		66663CD12AC02C89004C90C8 /* FirebaseAnalytics */ = {
			isa = XCSwiftPackageProductDependency;
			package = 66663CD02AC02C89004C90C8 /* XCRemoteSwiftPackageReference "firebase-ios-sdk" */;
			productName = FirebaseAnalytics;
		};
		66663CD32AC02C89004C90C8 /* FirebaseAnalyticsOnDeviceConversion */ = {
			isa = XCSwiftPackageProductDependency;
			package = 66663CD02AC02C89004C90C8 /* XCRemoteSwiftPackageReference "firebase-ios-sdk" */;
			productName = FirebaseAnalyticsOnDeviceConversion;
		};
		66663CD52AC02C89004C90C8 /* FirebaseAnalyticsSwift */ = {
			isa = XCSwiftPackageProductDependency;
			package = 66663CD02AC02C89004C90C8 /* XCRemoteSwiftPackageReference "firebase-ios-sdk" */;
			productName = FirebaseAnalyticsSwift;
		};
		66663CD72AC02C89004C90C8 /* FirebaseAnalyticsWithoutAdIdSupport */ = {
			isa = XCSwiftPackageProductDependency;
			package = 66663CD02AC02C89004C90C8 /* XCRemoteSwiftPackageReference "firebase-ios-sdk" */;
			productName = FirebaseAnalyticsWithoutAdIdSupport;
		};
		66663CD92AC02C89004C90C8 /* FirebaseAppCheck */ = {
			isa = XCSwiftPackageProductDependency;
			package = 66663CD02AC02C89004C90C8 /* XCRemoteSwiftPackageReference "firebase-ios-sdk" */;
			productName = FirebaseAppCheck;
		};
		66663CDB2AC02C89004C90C8 /* FirebaseAppDistribution-Beta */ = {
			isa = XCSwiftPackageProductDependency;
			package = 66663CD02AC02C89004C90C8 /* XCRemoteSwiftPackageReference "firebase-ios-sdk" */;
			productName = "FirebaseAppDistribution-Beta";
		};
		66663CDD2AC02C89004C90C8 /* FirebaseAuth */ = {
			isa = XCSwiftPackageProductDependency;
			package = 66663CD02AC02C89004C90C8 /* XCRemoteSwiftPackageReference "firebase-ios-sdk" */;
			productName = FirebaseAuth;
		};
		66663CDF2AC02C89004C90C8 /* FirebaseAuthCombine-Community */ = {
			isa = XCSwiftPackageProductDependency;
			package = 66663CD02AC02C89004C90C8 /* XCRemoteSwiftPackageReference "firebase-ios-sdk" */;
			productName = "FirebaseAuthCombine-Community";
		};
		66663CE12AC02C89004C90C8 /* FirebaseCrashlytics */ = {
			isa = XCSwiftPackageProductDependency;
			package = 66663CD02AC02C89004C90C8 /* XCRemoteSwiftPackageReference "firebase-ios-sdk" */;
			productName = FirebaseCrashlytics;
		};
		66663CE32AC02C89004C90C8 /* FirebaseDatabase */ = {
			isa = XCSwiftPackageProductDependency;
			package = 66663CD02AC02C89004C90C8 /* XCRemoteSwiftPackageReference "firebase-ios-sdk" */;
			productName = FirebaseDatabase;
		};
		66663CE52AC02C89004C90C8 /* FirebaseDatabaseSwift */ = {
			isa = XCSwiftPackageProductDependency;
			package = 66663CD02AC02C89004C90C8 /* XCRemoteSwiftPackageReference "firebase-ios-sdk" */;
			productName = FirebaseDatabaseSwift;
		};
		66663CE72AC02C89004C90C8 /* FirebaseDynamicLinks */ = {
			isa = XCSwiftPackageProductDependency;
			package = 66663CD02AC02C89004C90C8 /* XCRemoteSwiftPackageReference "firebase-ios-sdk" */;
			productName = FirebaseDynamicLinks;
		};
		66663CE92AC02C89004C90C8 /* FirebaseFirestore */ = {
			isa = XCSwiftPackageProductDependency;
			package = 66663CD02AC02C89004C90C8 /* XCRemoteSwiftPackageReference "firebase-ios-sdk" */;
			productName = FirebaseFirestore;
		};
		66663CEB2AC02C89004C90C8 /* FirebaseFirestoreCombine-Community */ = {
			isa = XCSwiftPackageProductDependency;
			package = 66663CD02AC02C89004C90C8 /* XCRemoteSwiftPackageReference "firebase-ios-sdk" */;
			productName = "FirebaseFirestoreCombine-Community";
		};
		66663CED2AC02C89004C90C8 /* FirebaseFirestoreSwift */ = {
			isa = XCSwiftPackageProductDependency;
			package = 66663CD02AC02C89004C90C8 /* XCRemoteSwiftPackageReference "firebase-ios-sdk" */;
			productName = FirebaseFirestoreSwift;
		};
		66663CEF2AC02C89004C90C8 /* FirebaseFunctions */ = {
			isa = XCSwiftPackageProductDependency;
			package = 66663CD02AC02C89004C90C8 /* XCRemoteSwiftPackageReference "firebase-ios-sdk" */;
			productName = FirebaseFunctions;
		};
		66663CF12AC02C89004C90C8 /* FirebaseFunctionsCombine-Community */ = {
			isa = XCSwiftPackageProductDependency;
			package = 66663CD02AC02C89004C90C8 /* XCRemoteSwiftPackageReference "firebase-ios-sdk" */;
			productName = "FirebaseFunctionsCombine-Community";
		};
		66663CF32AC02C89004C90C8 /* FirebaseInAppMessaging-Beta */ = {
			isa = XCSwiftPackageProductDependency;
			package = 66663CD02AC02C89004C90C8 /* XCRemoteSwiftPackageReference "firebase-ios-sdk" */;
			productName = "FirebaseInAppMessaging-Beta";
		};
		66663CF52AC02C89004C90C8 /* FirebaseInAppMessagingSwift-Beta */ = {
			isa = XCSwiftPackageProductDependency;
			package = 66663CD02AC02C89004C90C8 /* XCRemoteSwiftPackageReference "firebase-ios-sdk" */;
			productName = "FirebaseInAppMessagingSwift-Beta";
		};
		66663CF72AC02C89004C90C8 /* FirebaseInstallations */ = {
			isa = XCSwiftPackageProductDependency;
			package = 66663CD02AC02C89004C90C8 /* XCRemoteSwiftPackageReference "firebase-ios-sdk" */;
			productName = FirebaseInstallations;
		};
		66663CF92AC02C89004C90C8 /* FirebaseMLModelDownloader */ = {
			isa = XCSwiftPackageProductDependency;
			package = 66663CD02AC02C89004C90C8 /* XCRemoteSwiftPackageReference "firebase-ios-sdk" */;
			productName = FirebaseMLModelDownloader;
		};
		66663CFB2AC02C89004C90C8 /* FirebaseMessaging */ = {
			isa = XCSwiftPackageProductDependency;
			package = 66663CD02AC02C89004C90C8 /* XCRemoteSwiftPackageReference "firebase-ios-sdk" */;
			productName = FirebaseMessaging;
		};
		66663CFD2AC02C89004C90C8 /* FirebasePerformance */ = {
			isa = XCSwiftPackageProductDependency;
			package = 66663CD02AC02C89004C90C8 /* XCRemoteSwiftPackageReference "firebase-ios-sdk" */;
			productName = FirebasePerformance;
		};
		66663CFF2AC02C89004C90C8 /* FirebaseRemoteConfig */ = {
			isa = XCSwiftPackageProductDependency;
			package = 66663CD02AC02C89004C90C8 /* XCRemoteSwiftPackageReference "firebase-ios-sdk" */;
			productName = FirebaseRemoteConfig;
		};
		66663D012AC02C89004C90C8 /* FirebaseRemoteConfigSwift */ = {
			isa = XCSwiftPackageProductDependency;
			package = 66663CD02AC02C89004C90C8 /* XCRemoteSwiftPackageReference "firebase-ios-sdk" */;
			productName = FirebaseRemoteConfigSwift;
		};
		66663D032AC02C89004C90C8 /* FirebaseStorage */ = {
			isa = XCSwiftPackageProductDependency;
			package = 66663CD02AC02C89004C90C8 /* XCRemoteSwiftPackageReference "firebase-ios-sdk" */;
			productName = FirebaseStorage;
		};
		66663D052AC02C89004C90C8 /* FirebaseStorageCombine-Community */ = {
			isa = XCSwiftPackageProductDependency;
			package = 66663CD02AC02C89004C90C8 /* XCRemoteSwiftPackageReference "firebase-ios-sdk" */;
			productName = "FirebaseStorageCombine-Community";
		};
/* End XCSwiftPackageProductDependency section */
	};
	rootObject = 666CA8992ABD5FE00063AE32 /* Project object */;
}
